{
  "name": "speck",
  "version": "0.0.0",
  "lockfileVersion": 1,
  "requires": true,
  "dependencies": {
    "fast-check": {
      "version": "1.21.0",
      "resolved": "https://registry.npmjs.org/fast-check/-/fast-check-1.21.0.tgz",
      "integrity": "sha512-t9E+rNNV8DNSUqxvUwJ8DBAVm0qiGsVktvUXB3zUC9PTnNbYqGvGVycL6osOo+CRWH8nJYLk/fXynqdag2StdQ==",
      "requires": {
        "pure-rand": "^1.7.0",
        "tslib": "^1.10.0"
      }
    },
    "fp-ts": {
      "version": "2.4.1",
      "resolved": "https://registry.npmjs.org/fp-ts/-/fp-ts-2.4.1.tgz",
      "integrity": "sha512-dPal5+rPN7k4ciZ2+O0+i75bbp17uTUoRkWWqJpkKed7wVcA5y/2jH4ZhunzUrJPuaG+mN9ZNf0pv5P7u/k7JQ=="
    },
    "io-ts": {
      "version": "2.0.6",
      "resolved": "https://registry.npmjs.org/io-ts/-/io-ts-2.0.6.tgz",
      "integrity": "sha512-WNfGzm4csMVwL4hX6QlpQWu65SV6GmOUtDo259GKlLYH1cC5bpOENgYHqQIRJ9uR3FuU1RQKDke5STwHZAn3KA=="
    },
    "moment": {
      "version": "2.24.0",
      "resolved": "https://registry.npmjs.org/moment/-/moment-2.24.0.tgz",
      "integrity": "sha512-bV7f+6l2QigeBBZSM/6yTNq4P2fNpSWj/0e7jQcy87A8e7o2nAfP/34/2ky5Vw4B9S446EtIhodAzkFCcR4dQg=="
    },
    "pure-rand": {
      "version": "1.7.0",
      "resolved": "https://registry.npmjs.org/pure-rand/-/pure-rand-1.7.0.tgz",
      "integrity": "sha512-Mpghwu8LvQUpr8NRFmGTgX8mFi8WHqor9oE0cCj2Sk5XjA10lBx880qUXtXQPYzrUL8NVQ87nqZvV7LI6gVdOw=="
    },
    "tslib": {
      "version": "1.10.0",
      "resolved": "https://registry.npmjs.org/tslib/-/tslib-1.10.0.tgz",
      "integrity": "sha512-qOebF53frne81cf0S9B41ByenJ3/IuH8yJKngAX35CmiZySA0khhkovshKK+jGCaMnVomla7gVlIcc3EvKPbTQ=="
    },
    "typescript": {
      "version": "3.7.5",
      "resolved": "https://registry.npmjs.org/typescript/-/typescript-3.7.5.tgz",
      "integrity": "sha512-/P5lkRXkWHNAbcJIiHPfRoKqyd7bsyCma1hZNUGfn20qm64T6ZBlrzprymeu918H+mB/0rIg2gGK/BXkhhYgBw==",
      "dev": true
    }
  }
}
